github.com/textwire/textwire v1.7.1 h1:daio453Xh0JqA8w5t0TSrvK737GStIR5oPaEDfBaSLk=
github.com/textwire/textwire v1.7.1/go.mod h1:dHuWbkLWabvSH/nxF934qsP1fUwPqpeCzuQowiD6eW0=
github.com/textwire/textwire/v2 v2.5.1 h1:JaSLz+tk4N5+3GJCKk54s6XKUWDIaxjc1zZfef48J8Q=
github.com/textwire/textwire/v2 v2.5.1/go.mod h1:V0J75qH85DM8OAICWewhXyyXPXVAZYwhhiORGrWgj5I=
