github.com/textwire/textwire v1.7.1 h1:daio453Xh0JqA8w5t0TSrvK737GStIR5oPaEDfBaSLk=
github.com/textwire/textwire v1.7.1/go.mod h1:dHuWbkLWabvSH/nxF934qsP1fUwPqpeCzuQowiD6eW0=
github.com/textwire/textwire/v2 v2.5.1 h1:JaSLz+tk4N5+3GJCKk54s6XKUWDIaxjc1zZfef48J8Q=
github.com/textwire/textwire/v2 v2.5.1/go.mod h1:V0J75qH85DM8OAICWewhXyyXPXVAZYwhhiORGrWgj5I=
github.com/textwire/textwire/v2 v2.5.2 h1:wlFrY1pAqJyLD/V+LAZeTUP4sV6HbQZHCNCIw1WukKg=
github.com/textwire/textwire/v2 v2.5.2/go.mod h1:V0J75qH85DM8OAICWewhXyyXPXVAZYwhhiORGrWgj5I=
github.com/textwire/textwire/v2 v2.5.3 h1:0eL2xmBTG+Rt2XHm1ENMfktL95i5KNq2TCzrPYGKGB8=
github.com/textwire/textwire/v2 v2.5.3/go.mod h1:V0J75qH85DM8OAICWewhXyyXPXVAZYwhhiORGrWgj5I=
