github.com/textwire/textwire/v4 v4.0.0 h1:uXNXVkvbO6s+7Lm8U99j2QQbwRJf1ORIAHLDtlN+ghQ=
github.com/textwire/textwire/v4 v4.0.0/go.mod h1:6ckQxE2bfcYpWmPChfD+NtvafJTw+5AknPLhq4kAppk=
github.com/textwire/textwire/v4 v4.0.1 h1:EnSIIitzOlljdUNotBjOe+IeZ0h3EuMRlSReFMyf3hU=
github.com/textwire/textwire/v4 v4.0.1/go.mod h1:6ckQxE2bfcYpWmPChfD+NtvafJTw+5AknPLhq4kAppk=
